
Microsoft Visual Studio Solution File, Format Version 12.00
# Visual Studio Version 17
VisualStudioVersion = 17.0.31903.59
MinimumVisualStudioVersion = 10.0.40219.1
Project("{FAE04EC0-301F-11D3-BF4B-00C04F79EFBC}") = "YuukaFlow.Core", "YuukaFlow.Core\YuukaFlow.Core.csproj", "{FAD58C79-0FF9-4E19-9EFC-8C909C1D35FE}"
EndProject
Project("{FAE04EC0-301F-11D3-BF4B-00C04F79EFBC}") = "YuukaFlow.Tests", "YuukaFlow.Tests\YuukaFlow.Tests.csproj", "{00896325-7FA6-456C-B703-4FC5A0497701}"
EndProject
Global
	GlobalSection(SolutionConfigurationPlatforms) = preSolution
		Debug|Any CPU = Debug|Any CPU
		Release|Any CPU = Release|Any CPU
	EndGlobalSection
	GlobalSection(SolutionProperties) = preSolution
		HideSolutionNode = FALSE
	EndGlobalSection
	GlobalSection(ProjectConfigurationPlatforms) = postSolution
		{FAD58C79-0FF9-4E19-9EFC-8C909C1D35FE}.Debug|Any CPU.ActiveCfg = Debug|Any CPU
		{FAD58C79-0FF9-4E19-9EFC-8C909C1D35FE}.Debug|Any CPU.Build.0 = Debug|Any CPU
		{FAD58C79-0FF9-4E19-9EFC-8C909C1D35FE}.Release|Any CPU.ActiveCfg = Release|Any CPU
		{FAD58C79-0FF9-4E19-9EFC-8C909C1D35FE}.Release|Any CPU.Build.0 = Release|Any CPU
		{00896325-7FA6-456C-B703-4FC5A0497701}.Debug|Any CPU.ActiveCfg = Debug|Any CPU
		{00896325-7FA6-456C-B703-4FC5A0497701}.Debug|Any CPU.Build.0 = Debug|Any CPU
		{00896325-7FA6-456C-B703-4FC5A0497701}.Release|Any CPU.ActiveCfg = Release|Any CPU
		{00896325-7FA6-456C-B703-4FC5A0497701}.Release|Any CPU.Build.0 = Release|Any CPU
	EndGlobalSection
EndGlobal
